// !$*UTF8*$!
{
	archiveVersion = 1;
	classes = {
	};
	objectVersion = 46;
	objects = {

/* Begin PBXBuildFile section */
		E4A166E41E2229BB00CB0BC1 /* MasaViewController.swift in Sources */ = {isa = PBXBuildFile; fileRef = E4A166E31E2229BB00CB0BC1 /* MasaViewController.swift */; };
		E4A166E61E2229E900CB0BC1 /* TamanioViewController.swift in Sources */ = {isa = PBXBuildFile; fileRef = E4A166E51E2229E900CB0BC1 /* TamanioViewController.swift */; };
		E4A166E81E222A3100CB0BC1 /* QuesoViewController.swift in Sources */ = {isa = PBXBuildFile; fileRef = E4A166E71E222A3100CB0BC1 /* QuesoViewController.swift */; };
		E4A166EA1E222A4D00CB0BC1 /* IngredientesViewController.swift in Sources */ = {isa = PBXBuildFile; fileRef = E4A166E91E222A4D00CB0BC1 /* IngredientesViewController.swift */; };
		E4A166EC1E222A8600CB0BC1 /* ConfirmacionViewController.swift in Sources */ = {isa = PBXBuildFile; fileRef = E4A166EB1E222A8600CB0BC1 /* ConfirmacionViewController.swift */; };
		E4A166EE1E222AA200CB0BC1 /* FinViewController.swift in Sources */ = {isa = PBXBuildFile; fileRef = E4A166ED1E222AA200CB0BC1 /* FinViewController.swift */; };
		E4A166F01E222B2100CB0BC1 /* PickViewController.swift in Sources */ = {isa = PBXBuildFile; fileRef = E4A166EF1E222B2100CB0BC1 /* PickViewController.swift */; };
		E4CB5F181E1F69BD00FB6F6B /* AppDelegate.swift in Sources */ = {isa = PBXBuildFile; fileRef = E4CB5F171E1F69BD00FB6F6B /* AppDelegate.swift */; };
		E4CB5F1A1E1F69BD00FB6F6B /* ViewController.swift in Sources */ = {isa = PBXBuildFile; fileRef = E4CB5F191E1F69BD00FB6F6B /* ViewController.swift */; };
		E4CB5F1D1E1F69BD00FB6F6B /* Main.storyboard in Resources */ = {isa = PBXBuildFile; fileRef = E4CB5F1B1E1F69BD00FB6F6B /* Main.storyboard */; };
		E4CB5F1F1E1F69BD00FB6F6B /* Assets.xcassets in Resources */ = {isa = PBXBuildFile; fileRef = E4CB5F1E1E1F69BD00FB6F6B /* Assets.xcassets */; };
		E4CB5F221E1F69BD00FB6F6B /* LaunchScreen.storyboard in Resources */ = {isa = PBXBuildFile; fileRef = E4CB5F201E1F69BD00FB6F6B /* LaunchScreen.storyboard */; };
/* End PBXBuildFile section */

/* Begin PBXFileReference section */
		E4A166E31E2229BB00CB0BC1 /* MasaViewController.swift */ = {isa = PBXFileReference; fileEncoding = 4; lastKnownFileType = sourcecode.swift; path = MasaViewController.swift; sourceTree = "<group>"; };
		E4A166E51E2229E900CB0BC1 /* TamanioViewController.swift */ = {isa = PBXFileReference; fileEncoding = 4; lastKnownFileType = sourcecode.swift; path = TamanioViewController.swift; sourceTree = "<group>"; };
		E4A166E71E222A3100CB0BC1 /* QuesoViewController.swift */ = {isa = PBXFileReference; fileEncoding = 4; lastKnownFileType = sourcecode.swift; path = QuesoViewController.swift; sourceTree = "<group>"; };
		E4A166E91E222A4D00CB0BC1 /* IngredientesViewController.swift */ = {isa = PBXFileReference; fileEncoding = 4; lastKnownFileType = sourcecode.swift; path = IngredientesViewController.swift; sourceTree = "<group>"; };
		E4A166EB1E222A8600CB0BC1 /* ConfirmacionViewController.swift */ = {isa = PBXFileReference; fileEncoding = 4; lastKnownFileType = sourcecode.swift; path = ConfirmacionViewController.swift; sourceTree = "<group>"; };
		E4A166ED1E222AA200CB0BC1 /* FinViewController.swift */ = {isa = PBXFileReference; fileEncoding = 4; lastKnownFileType = sourcecode.swift; path = FinViewController.swift; sourceTree = "<group>"; };
		E4A166EF1E222B2100CB0BC1 /* PickViewController.swift */ = {isa = PBXFileReference; fileEncoding = 4; lastKnownFileType = sourcecode.swift; path = PickViewController.swift; sourceTree = "<group>"; };
		E4CB5F141E1F69BD00FB6F6B /* apPizza.app */ = {isa = PBXFileReference; explicitFileType = wrapper.application; includeInIndex = 0; path = apPizza.app; sourceTree = BUILT_PRODUCTS_DIR; };
		E4CB5F171E1F69BD00FB6F6B /* AppDelegate.swift */ = {isa = PBXFileReference; lastKnownFileType = sourcecode.swift; path = AppDelegate.swift; sourceTree = "<group>"; };
		E4CB5F191E1F69BD00FB6F6B /* ViewController.swift */ = {isa = PBXFileReference; lastKnownFileType = sourcecode.swift; path = ViewController.swift; sourceTree = "<group>"; };
		E4CB5F1C1E1F69BD00FB6F6B /* Base */ = {isa = PBXFileReference; lastKnownFileType = file.storyboard; name = Base; path = Base.lproj/Main.storyboard; sourceTree = "<group>"; };
		E4CB5F1E1E1F69BD00FB6F6B /* Assets.xcassets */ = {isa = PBXFileReference; lastKnownFileType = folder.assetcatalog; path = Assets.xcassets; sourceTree = "<group>"; };
		E4CB5F211E1F69BD00FB6F6B /* Base */ = {isa = PBXFileReference; lastKnownFileType = file.storyboard; name = Base; path = Base.lproj/LaunchScreen.storyboard; sourceTree = "<group>"; };
		E4CB5F231E1F69BD00FB6F6B /* Info.plist */ = {isa = PBXFileReference; lastKnownFileType = text.plist.xml; path = Info.plist; sourceTree = "<group>"; };
/* End PBXFileReference section */

/* Begin PBXFrameworksBuildPhase section */
		E4CB5F111E1F69BD00FB6F6B /* Frameworks */ = {
			isa = PBXFrameworksBuildPhase;
			buildActionMask = 2147483647;
			files = (
			);
			runOnlyForDeploymentPostprocessing = 0;
		};
/* End PBXFrameworksBuildPhase section */

/* Begin PBXGroup section */
		E4CB5F0B1E1F69BD00FB6F6B = {
			isa = PBXGroup;
			children = (
				E4CB5F161E1F69BD00FB6F6B /* apPizza */,
				E4CB5F151E1F69BD00FB6F6B /* Products */,
			);
			sourceTree = "<group>";
		};
		E4CB5F151E1F69BD00FB6F6B /* Products */ = {
			isa = PBXGroup;
			children = (
				E4CB5F141E1F69BD00FB6F6B /* apPizza.app */,
			);
			name = Products;
			sourceTree = "<group>";
		};
		E4CB5F161E1F69BD00FB6F6B /* apPizza */ = {
			isa = PBXGroup;
			children = (
				E4CB5F171E1F69BD00FB6F6B /* AppDelegate.swift */,
				E4CB5F191E1F69BD00FB6F6B /* ViewController.swift */,
				E4CB5F1B1E1F69BD00FB6F6B /* Main.storyboard */,
				E4CB5F1E1E1F69BD00FB6F6B /* Assets.xcassets */,
				E4CB5F201E1F69BD00FB6F6B /* LaunchScreen.storyboard */,
				E4CB5F231E1F69BD00FB6F6B /* Info.plist */,
				E4A166E31E2229BB00CB0BC1 /* MasaViewController.swift */,
				E4A166E51E2229E900CB0BC1 /* TamanioViewController.swift */,
				E4A166E71E222A3100CB0BC1 /* QuesoViewController.swift */,
				E4A166E91E222A4D00CB0BC1 /* IngredientesViewController.swift */,
				E4A166EB1E222A8600CB0BC1 /* ConfirmacionViewController.swift */,
				E4A166ED1E222AA200CB0BC1 /* FinViewController.swift */,
				E4A166EF1E222B2100CB0BC1 /* PickViewController.swift */,
			);
			path = apPizza;
			sourceTree = "<group>";
		};
/* End PBXGroup section */

/* Begin PBXNativeTarget section */
		E4CB5F131E1F69BD00FB6F6B /* apPizza */ = {
			isa = PBXNativeTarget;
			buildConfigurationList = E4CB5F261E1F69BD00FB6F6B /* Build configuration list for PBXNativeTarget "apPizza" */;
			buildPhases = (
				E4CB5F101E1F69BD00FB6F6B /* Sources */,
				E4CB5F111E1F69BD00FB6F6B /* Frameworks */,
				E4CB5F121E1F69BD00FB6F6B /* Resources */,
			);
			buildRules = (
			);
			dependencies = (
			);
			name = apPizza;
			productName = apPizza;
			productReference = E4CB5F141E1F69BD00FB6F6B /* apPizza.app */;
			productType = "com.apple.product-type.application";
		};
/* End PBXNativeTarget section */

/* Begin PBXProject section */
		E4CB5F0C1E1F69BD00FB6F6B /* Project object */ = {
			isa = PBXProject;
			attributes = {
				LastSwiftUpdateCheck = 0820;
				LastUpgradeCheck = 0820;
				ORGANIZATIONNAME = Tripledobleu;
				TargetAttributes = {
					E4CB5F131E1F69BD00FB6F6B = {
						CreatedOnToolsVersion = 8.2;
						DevelopmentTeam = 82HQ9CFD68;
						ProvisioningStyle = Automatic;
					};
				};
			};
			buildConfigurationList = E4CB5F0F1E1F69BD00FB6F6B /* Build configuration list for PBXProject "apPizza" */;
			compatibilityVersion = "Xcode 3.2";
			developmentRegion = English;
			hasScannedForEncodings = 0;
			knownRegions = (
				en,
				Base,
			);
			mainGroup = E4CB5F0B1E1F69BD00FB6F6B;
			productRefGroup = E4CB5F151E1F69BD00FB6F6B /* Products */;
			projectDirPath = "";
			projectRoot = "";
			targets = (
				E4CB5F131E1F69BD00FB6F6B /* apPizza */,
			);
		};
/* End PBXProject section */

/* Begin PBXResourcesBuildPhase section */
		E4CB5F121E1F69BD00FB6F6B /* Resources */ = {
			isa = PBXResourcesBuildPhase;
			buildActionMask = 2147483647;
			files = (
				E4CB5F221E1F69BD00FB6F6B /* LaunchScreen.storyboard in Resources */,
				E4CB5F1F1E1F69BD00FB6F6B /* Assets.xcassets in Resources */,
				E4CB5F1D1E1F69BD00FB6F6B /* Main.storyboard in Resources */,
			);
			runOnlyForDeploymentPostprocessing = 0;
		};
/* End PBXResourcesBuildPhase section */

/* Begin PBXSourcesBuildPhase section */
		E4CB5F101E1F69BD00FB6F6B /* Sources */ = {
			isa = PBXSourcesBuildPhase;
			buildActionMask = 2147483647;
			files = (
				E4A166EA1E222A4D00CB0BC1 /* IngredientesViewController.swift in Sources */,
				E4A166E41E2229BB00CB0BC1 /* MasaViewController.swift in Sources */,
				E4A166EC1E222A8600CB0BC1 /* ConfirmacionViewController.swift in Sources */,
				E4CB5F1A1E1F69BD00FB6F6B /* ViewController.swift in Sources */,
				E4A166E61E2229E900CB0BC1 /* TamanioViewController.swift in Sources */,
				E4CB5F181E1F69BD00FB6F6B /* AppDelegate.swift in Sources */,
				E4A166F01E222B2100CB0BC1 /* PickViewController.swift in Sources */,
				E4A166EE1E222AA200CB0BC1 /* FinViewController.swift in Sources */,
				E4A166E81E222A3100CB0BC1 /* QuesoViewController.swift in Sources */,
			);
			runOnlyForDeploymentPostprocessing = 0;
		};
/* End PBXSourcesBuildPhase section */

/* Begin PBXVariantGroup section */
		E4CB5F1B1E1F69BD00FB6F6B /* Main.storyboard */ = {
			isa = PBXVariantGroup;
			children = (
				E4CB5F1C1E1F69BD00FB6F6B /* Base */,
			);
			name = Main.storyboard;
			sourceTree = "<group>";
		};
		E4CB5F201E1F69BD00FB6F6B /* LaunchScreen.storyboard */ = {
			isa = PBXVariantGroup;
			children = (
				E4CB5F211E1F69BD00FB6F6B /* Base */,
			);
			name = LaunchScreen.storyboard;
			sourceTree = "<group>";
		};
/* End PBXVariantGroup section */

/* Begin XCBuildConfiguration section */
		E4CB5F241E1F69BD00FB6F6B /* Debug */ = {
			isa = XCBuildConfiguration;
			buildSettings = {
				ALWAYS_SEARCH_USER_PATHS = NO;
				CLANG_ANALYZER_NONNULL = YES;
				CLANG_CXX_LANGUAGE_STANDARD = "gnu++0x";
				CLANG_CXX_LIBRARY = "libc++";
				CLANG_ENABLE_MODULES = YES;
				CLANG_ENABLE_OBJC_ARC = YES;
				CLANG_WARN_BOOL_CONVERSION = YES;
				CLANG_WARN_CONSTANT_CONVERSION = YES;
				CLANG_WARN_DIRECT_OBJC_ISA_USAGE = YES_ERROR;
				CLANG_WARN_DOCUMENTATION_COMMENTS = YES;
				CLANG_WARN_EMPTY_BODY = YES;
				CLANG_WARN_ENUM_CONVERSION = YES;
				CLANG_WARN_INFINITE_RECURSION = YES;
				CLANG_WARN_INT_CONVERSION = YES;
				CLANG_WARN_OBJC_ROOT_CLASS = YES_ERROR;
				CLANG_WARN_SUSPICIOUS_MOVE = YES;
				CLANG_WARN_UNREACHABLE_CODE = YES;
				CLANG_WARN__DUPLICATE_METHOD_MATCH = YES;
				"CODE_SIGN_IDENTITY[sdk=iphoneos*]" = "iPhone Developer";
				COPY_PHASE_STRIP = NO;
				DEBUG_INFORMATION_FORMAT = dwarf;
				ENABLE_STRICT_OBJC_MSGSEND = YES;
				ENABLE_TESTABILITY = YES;
				GCC_C_LANGUAGE_STANDARD = gnu99;
				GCC_DYNAMIC_NO_PIC = NO;
				GCC_NO_COMMON_BLOCKS = YES;
				GCC_OPTIMIZATION_LEVEL = 0;
				GCC_PREPROCESSOR_DEFINITIONS = (
					"DEBUG=1",
					"$(inherited)",
				);
				GCC_WARN_64_TO_32_BIT_CONVERSION = YES;
				GCC_WARN_ABOUT_RETURN_TYPE = YES_ERROR;
				GCC_WARN_UNDECLARED_SELECTOR = YES;
				GCC_WARN_UNINITIALIZED_AUTOS = YES_AGGRESSIVE;
				GCC_WARN_UNUSED_FUNCTION = YES;
				GCC_WARN_UNUSED_VARIABLE = YES;
				IPHONEOS_DEPLOYMENT_TARGET = 10.2;
				MTL_ENABLE_DEBUG_INFO = YES;
				ONLY_ACTIVE_ARCH = YES;
				SDKROOT = iphoneos;
				SWIFT_ACTIVE_COMPILATION_CONDITIONS = DEBUG;
				SWIFT_OPTIMIZATION_LEVEL = "-Onone";
				TARGETED_DEVICE_FAMILY = "1,2";
			};
			name = Debug;
		};
		E4CB5F251E1F69BD00FB6F6B /* Release */ = {
			isa = XCBuildConfiguration;
			buildSettings = {
				ALWAYS_SEARCH_USER_PATHS = NO;
				CLANG_ANALYZER_NONNULL = YES;
				CLANG_CXX_LANGUAGE_STANDARD = "gnu++0x";
				CLANG_CXX_LIBRARY = "libc++";
				CLANG_ENABLE_MODULES = YES;
				CLANG_ENABLE_OBJC_ARC = YES;
				CLANG_WARN_BOOL_CONVERSION = YES;
				CLANG_WARN_CONSTANT_CONVERSION = YES;
				CLANG_WARN_DIRECT_OBJC_ISA_USAGE = YES_ERROR;
				CLANG_WARN_DOCUMENTATION_COMMENTS = YES;
				CLANG_WARN_EMPTY_BODY = YES;
				CLANG_WARN_ENUM_CONVERSION = YES;
				CLANG_WARN_INFINITE_RECURSION = YES;
				CLANG_WARN_INT_CONVERSION = YES;
				CLANG_WARN_OBJC_ROOT_CLASS = YES_ERROR;
				CLANG_WARN_SUSPICIOUS_MOVE = YES;
				CLANG_WARN_UNREACHABLE_CODE = YES;
				CLANG_WARN__DUPLICATE_METHOD_MATCH = YES;
				"CODE_SIGN_IDENTITY[sdk=iphoneos*]" = "iPhone Developer";
				COPY_PHASE_STRIP = NO;
				DEBUG_INFORMATION_FORMAT = "dwarf-with-dsym";
				ENABLE_NS_ASSERTIONS = NO;
				ENABLE_STRICT_OBJC_MSGSEND = YES;
				GCC_C_LANGUAGE_STANDARD = gnu99;
				GCC_NO_COMMON_BLOCKS = YES;
				GCC_WARN_64_TO_32_BIT_CONVERSION = YES;
				GCC_WARN_ABOUT_RETURN_TYPE = YES_ERROR;
				GCC_WARN_UNDECLARED_SELECTOR = YES;
				GCC_WARN_UNINITIALIZED_AUTOS = YES_AGGRESSIVE;
				GCC_WARN_UNUSED_FUNCTION = YES;
				GCC_WARN_UNUSED_VARIABLE = YES;
				IPHONEOS_DEPLOYMENT_TARGET = 10.2;
				MTL_ENABLE_DEBUG_INFO = NO;
				SDKROOT = iphoneos;
				SWIFT_OPTIMIZATION_LEVEL = "-Owholemodule";
				TARGETED_DEVICE_FAMILY = "1,2";
				VALIDATE_PRODUCT = YES;
			};
			name = Release;
		};
		E4CB5F271E1F69BD00FB6F6B /* Debug */ = {
			isa = XCBuildConfiguration;
			buildSettings = {
				ASSETCATALOG_COMPILER_APPICON_NAME = AppIcon;
				DEVELOPMENT_TEAM = 82HQ9CFD68;
				INFOPLIST_FILE = apPizza/Info.plist;
				LD_RUNPATH_SEARCH_PATHS = "$(inherited) @executable_path/Frameworks";
				PRODUCT_BUNDLE_IDENTIFIER = www.apPizza;
				PRODUCT_NAME = "$(TARGET_NAME)";
				SWIFT_VERSION = 3.0;
			};
			name = Debug;
		};
		E4CB5F281E1F69BD00FB6F6B /* Release */ = {
			isa = XCBuildConfiguration;
			buildSettings = {
				ASSETCATALOG_COMPILER_APPICON_NAME = AppIcon;
				DEVELOPMENT_TEAM = 82HQ9CFD68;
				INFOPLIST_FILE = apPizza/Info.plist;
				LD_RUNPATH_SEARCH_PATHS = "$(inherited) @executable_path/Frameworks";
				PRODUCT_BUNDLE_IDENTIFIER = www.apPizza;
				PRODUCT_NAME = "$(TARGET_NAME)";
				SWIFT_VERSION = 3.0;
			};
			name = Release;
		};
/* End XCBuildConfiguration section */

/* Begin XCConfigurationList section */
		E4CB5F0F1E1F69BD00FB6F6B /* Build configuration list for PBXProject "apPizza" */ = {
			isa = XCConfigurationList;
			buildConfigurations = (
				E4CB5F241E1F69BD00FB6F6B /* Debug */,
				E4CB5F251E1F69BD00FB6F6B /* Release */,
			);
			defaultConfigurationIsVisible = 0;
			defaultConfigurationName = Release;
		};
		E4CB5F261E1F69BD00FB6F6B /* Build configuration list for PBXNativeTarget "apPizza" */ = {
			isa = XCConfigurationList;
			buildConfigurations = (
				E4CB5F271E1F69BD00FB6F6B /* Debug */,
				E4CB5F281E1F69BD00FB6F6B /* Release */,
			);
			defaultConfigurationIsVisible = 0;
			defaultConfigurationName = Release;
		};
/* End XCConfigurationList section */
	};
	rootObject = E4CB5F0C1E1F69BD00FB6F6B /* Project object */;
}
